
Microsoft Visual Studio Solution File, Format Version 12.00
# Visual Studio Version 17
VisualStudioVersion = 17.7.34018.315
MinimumVisualStudioVersion = 10.0.40219.1
Project("{FAE04EC0-301F-11D3-BF4B-00C04F79EFBC}") = "HaliStokTakip.UI", "HaliStokTakipUI\HaliStokTakip.UI.csproj", "{E2A588CD-C0F9-4003-A696-0DB5CB8B3D47}"
EndProject
Project("{FAE04EC0-301F-11D3-BF4B-00C04F79EFBC}") = "HaliStokTakip.BLL", "HaliStokTakipBLL\HaliStokTakip.BLL.csproj", "{DE0ACEE3-DA3C-42DF-80D7-398B33D95E23}"
EndProject
Project("{FAE04EC0-301F-11D3-BF4B-00C04F79EFBC}") = "HaliStokTakip.DLL", "HaliStokTakipDLL\HaliStokTakip.DLL.csproj", "{BC8B75DB-8457-46BE-B220-AC360F5DFF3F}"
EndProject
Project("{2150E333-8FDC-42A3-9474-1A3956D46DE8}") = "Solution Items", "Solution Items", "{D62023C5-0A1D-40A2-9ED1-F7216D3FB792}"
	ProjectSection(SolutionItems) = preProject
		Notlar.txt = Notlar.txt
	EndProjectSection
EndProject
Global
	GlobalSection(SolutionConfigurationPlatforms) = preSolution
		Debug|Any CPU = Debug|Any CPU
		Release|Any CPU = Release|Any CPU
	EndGlobalSection
	GlobalSection(ProjectConfigurationPlatforms) = postSolution
		{E2A588CD-C0F9-4003-A696-0DB5CB8B3D47}.Debug|Any CPU.ActiveCfg = Debug|Any CPU
		{E2A588CD-C0F9-4003-A696-0DB5CB8B3D47}.Debug|Any CPU.Build.0 = Debug|Any CPU
		{E2A588CD-C0F9-4003-A696-0DB5CB8B3D47}.Release|Any CPU.ActiveCfg = Release|Any CPU
		{E2A588CD-C0F9-4003-A696-0DB5CB8B3D47}.Release|Any CPU.Build.0 = Release|Any CPU
		{DE0ACEE3-DA3C-42DF-80D7-398B33D95E23}.Debug|Any CPU.ActiveCfg = Debug|Any CPU
		{DE0ACEE3-DA3C-42DF-80D7-398B33D95E23}.Debug|Any CPU.Build.0 = Debug|Any CPU
		{DE0ACEE3-DA3C-42DF-80D7-398B33D95E23}.Release|Any CPU.ActiveCfg = Release|Any CPU
		{DE0ACEE3-DA3C-42DF-80D7-398B33D95E23}.Release|Any CPU.Build.0 = Release|Any CPU
		{BC8B75DB-8457-46BE-B220-AC360F5DFF3F}.Debug|Any CPU.ActiveCfg = Debug|Any CPU
		{BC8B75DB-8457-46BE-B220-AC360F5DFF3F}.Debug|Any CPU.Build.0 = Debug|Any CPU
		{BC8B75DB-8457-46BE-B220-AC360F5DFF3F}.Release|Any CPU.ActiveCfg = Release|Any CPU
		{BC8B75DB-8457-46BE-B220-AC360F5DFF3F}.Release|Any CPU.Build.0 = Release|Any CPU
	EndGlobalSection
	GlobalSection(SolutionProperties) = preSolution
		HideSolutionNode = FALSE
	EndGlobalSection
	GlobalSection(ExtensibilityGlobals) = postSolution
		SolutionGuid = {3D947C55-C397-41B2-B19E-5AC46E7E1164}
	EndGlobalSection
EndGlobal
